
Microsoft Visual Studio Solution File, Format Version 12.00
# Visual Studio Version 16
VisualStudioVersion = 16.0.31911.196
MinimumVisualStudioVersion = 10.0.40219.1
Project("{FAE04EC0-301F-11D3-BF4B-00C04F79EFBC}") = "AtividadeCidades", "Cidades\AtividadeCidades.csproj", "{049A0D8E-873B-4F25-8D59-8D239CC7DD0A}"
EndProject
Global
	GlobalSection(SolutionConfigurationPlatforms) = preSolution
		Debug|Any CPU = Debug|Any CPU
		Release|Any CPU = Release|Any CPU
	EndGlobalSection
	GlobalSection(ProjectConfigurationPlatforms) = postSolution
		{049A0D8E-873B-4F25-8D59-8D239CC7DD0A}.Debug|Any CPU.ActiveCfg = Debug|Any CPU
		{049A0D8E-873B-4F25-8D59-8D239CC7DD0A}.Debug|Any CPU.Build.0 = Debug|Any CPU
		{049A0D8E-873B-4F25-8D59-8D239CC7DD0A}.Release|Any CPU.ActiveCfg = Release|Any CPU
		{049A0D8E-873B-4F25-8D59-8D239CC7DD0A}.Release|Any CPU.Build.0 = Release|Any CPU
	EndGlobalSection
	GlobalSection(SolutionProperties) = preSolution
		HideSolutionNode = FALSE
	EndGlobalSection
	GlobalSection(ExtensibilityGlobals) = postSolution
		SolutionGuid = {444F6C31-EE45-4696-B645-6F2FDCFECED5}
	EndGlobalSection
EndGlobal
