
Microsoft Visual Studio Solution File, Format Version 12.00
# Visual Studio Version 16
VisualStudioVersion = 16.0.31911.196
MinimumVisualStudioVersion = 10.0.40219.1
Project("{FAE04EC0-301F-11D3-BF4B-00C04F79EFBC}") = "Pokemon", "Pokemon\Pokemon.csproj", "{8DDA8D61-84B5-48B9-8F29-099C3B4D75D4}"
EndProject
Global
	GlobalSection(SolutionConfigurationPlatforms) = preSolution
		Debug|Any CPU = Debug|Any CPU
		Release|Any CPU = Release|Any CPU
	EndGlobalSection
	GlobalSection(ProjectConfigurationPlatforms) = postSolution
		{8DDA8D61-84B5-48B9-8F29-099C3B4D75D4}.Debug|Any CPU.ActiveCfg = Debug|Any CPU
		{8DDA8D61-84B5-48B9-8F29-099C3B4D75D4}.Debug|Any CPU.Build.0 = Debug|Any CPU
		{8DDA8D61-84B5-48B9-8F29-099C3B4D75D4}.Release|Any CPU.ActiveCfg = Release|Any CPU
		{8DDA8D61-84B5-48B9-8F29-099C3B4D75D4}.Release|Any CPU.Build.0 = Release|Any CPU
	EndGlobalSection
	GlobalSection(SolutionProperties) = preSolution
		HideSolutionNode = FALSE
	EndGlobalSection
	GlobalSection(ExtensibilityGlobals) = postSolution
		SolutionGuid = {A725561B-DE51-44C4-8802-09864C60700C}
	EndGlobalSection
EndGlobal
